
Microsoft Visual Studio Solution File, Format Version 12.00
# Visual Studio 2013
VisualStudioVersion = 12.0.30723.0
MinimumVisualStudioVersion = 10.0.40219.1
Project("{FAE04EC0-301F-11D3-BF4B-00C04F79EFBC}") = "Database", "Database\Database.csproj", "{337DFCC3-E80A-4EE1-84F0-349E020291FA}"
EndProject
Project("{FAE04EC0-301F-11D3-BF4B-00C04F79EFBC}") = "DatabaseTest", "DatabaseTest\DatabaseTest.csproj", "{52AE881F-6BEE-46C7-ACC3-6A43E5AA0A64}"
EndProject
Global
	GlobalSection(SolutionConfigurationPlatforms) = preSolution
		Debug|Any CPU = Debug|Any CPU
		Debug|ARM = Debug|ARM
		Debug|x64 = Debug|x64
		Debug|x86 = Debug|x86
		Release|Any CPU = Release|Any CPU
		Release|ARM = Release|ARM
		Release|x64 = Release|x64
		Release|x86 = Release|x86
		Teste|Any CPU = Teste|Any CPU
		Teste|ARM = Teste|ARM
		Teste|x64 = Teste|x64
		Teste|x86 = Teste|x86
	EndGlobalSection
	GlobalSection(ProjectConfigurationPlatforms) = postSolution
		{337DFCC3-E80A-4EE1-84F0-349E020291FA}.Debug|Any CPU.ActiveCfg = Debug|Any CPU
		{337DFCC3-E80A-4EE1-84F0-349E020291FA}.Debug|Any CPU.Build.0 = Debug|Any CPU
		{337DFCC3-E80A-4EE1-84F0-349E020291FA}.Debug|ARM.ActiveCfg = Debug|Any CPU
		{337DFCC3-E80A-4EE1-84F0-349E020291FA}.Debug|x64.ActiveCfg = Debug|Any CPU
		{337DFCC3-E80A-4EE1-84F0-349E020291FA}.Debug|x86.ActiveCfg = Debug|Any CPU
		{337DFCC3-E80A-4EE1-84F0-349E020291FA}.Release|Any CPU.ActiveCfg = Release|Any CPU
		{337DFCC3-E80A-4EE1-84F0-349E020291FA}.Release|Any CPU.Build.0 = Release|Any CPU
		{337DFCC3-E80A-4EE1-84F0-349E020291FA}.Release|ARM.ActiveCfg = Release|Any CPU
		{337DFCC3-E80A-4EE1-84F0-349E020291FA}.Release|x64.ActiveCfg = Release|Any CPU
		{337DFCC3-E80A-4EE1-84F0-349E020291FA}.Release|x86.ActiveCfg = Release|Any CPU
		{337DFCC3-E80A-4EE1-84F0-349E020291FA}.Teste|Any CPU.ActiveCfg = Teste|Any CPU
		{337DFCC3-E80A-4EE1-84F0-349E020291FA}.Teste|Any CPU.Build.0 = Teste|Any CPU
		{337DFCC3-E80A-4EE1-84F0-349E020291FA}.Teste|ARM.ActiveCfg = Teste|Any CPU
		{337DFCC3-E80A-4EE1-84F0-349E020291FA}.Teste|x64.ActiveCfg = Teste|Any CPU
		{337DFCC3-E80A-4EE1-84F0-349E020291FA}.Teste|x86.ActiveCfg = Teste|Any CPU
		{52AE881F-6BEE-46C7-ACC3-6A43E5AA0A64}.Debug|Any CPU.ActiveCfg = Debug|Any CPU
		{52AE881F-6BEE-46C7-ACC3-6A43E5AA0A64}.Debug|Any CPU.Build.0 = Debug|Any CPU
		{52AE881F-6BEE-46C7-ACC3-6A43E5AA0A64}.Debug|ARM.ActiveCfg = Debug|Any CPU
		{52AE881F-6BEE-46C7-ACC3-6A43E5AA0A64}.Debug|x64.ActiveCfg = Debug|Any CPU
		{52AE881F-6BEE-46C7-ACC3-6A43E5AA0A64}.Debug|x86.ActiveCfg = Debug|Any CPU
		{52AE881F-6BEE-46C7-ACC3-6A43E5AA0A64}.Release|Any CPU.ActiveCfg = Release|Any CPU
		{52AE881F-6BEE-46C7-ACC3-6A43E5AA0A64}.Release|Any CPU.Build.0 = Release|Any CPU
		{52AE881F-6BEE-46C7-ACC3-6A43E5AA0A64}.Release|ARM.ActiveCfg = Release|Any CPU
		{52AE881F-6BEE-46C7-ACC3-6A43E5AA0A64}.Release|x64.ActiveCfg = Release|Any CPU
		{52AE881F-6BEE-46C7-ACC3-6A43E5AA0A64}.Release|x86.ActiveCfg = Release|Any CPU
		{52AE881F-6BEE-46C7-ACC3-6A43E5AA0A64}.Teste|Any CPU.ActiveCfg = Release|Any CPU
		{52AE881F-6BEE-46C7-ACC3-6A43E5AA0A64}.Teste|Any CPU.Build.0 = Release|Any CPU
		{52AE881F-6BEE-46C7-ACC3-6A43E5AA0A64}.Teste|ARM.ActiveCfg = Release|Any CPU
		{52AE881F-6BEE-46C7-ACC3-6A43E5AA0A64}.Teste|x64.ActiveCfg = Release|Any CPU
		{52AE881F-6BEE-46C7-ACC3-6A43E5AA0A64}.Teste|x86.ActiveCfg = Release|Any CPU
	EndGlobalSection
	GlobalSection(SolutionProperties) = preSolution
		HideSolutionNode = FALSE
	EndGlobalSection
EndGlobal
